Microsoft Visual Studio Solution File, Format Version 12.00
# Visual Studio Version 17
VisualStudioVersion = 17.5.2.0
MinimumVisualStudioVersion = 10.0.40219.1
Project("{FAE04EC0-301F-11D3-BF4B-00C04F79EFBC}") = "SpikyBalls", "SpikyBalls.csproj", "{1F551BFE-413C-0A12-BF85-80CF7226244E}"
EndProject
Global
	GlobalSection(SolutionConfigurationPlatforms) = preSolution
		Debug|Any CPU = Debug|Any CPU
		Release|Any CPU = Release|Any CPU
	EndGlobalSection
	GlobalSection(ProjectConfigurationPlatforms) = postSolution
		{1F551BFE-413C-0A12-BF85-80CF7226244E}.Debug|Any CPU.ActiveCfg = Debug|Any CPU
		{1F551BFE-413C-0A12-BF85-80CF7226244E}.Debug|Any CPU.Build.0 = Debug|Any CPU
		{1F551BFE-413C-0A12-BF85-80CF7226244E}.Release|Any CPU.ActiveCfg = Release|Any CPU
		{1F551BFE-413C-0A12-BF85-80CF7226244E}.Release|Any CPU.Build.0 = Release|Any CPU
	EndGlobalSection
	GlobalSection(SolutionProperties) = preSolution
		HideSolutionNode = FALSE
	EndGlobalSection
	GlobalSection(ExtensibilityGlobals) = postSolution
		SolutionGuid = {72C1F0AF-FDB6-4B9D-9AE8-A14C24BF80FE}
	EndGlobalSection
EndGlobal
